
Microsoft Visual Studio Solution File, Format Version 12.00
# Visual Studio Version 16
VisualStudioVersion = 16.0.30717.126
MinimumVisualStudioVersion = 10.0.40219.1
Project("{FAE04EC0-301F-11D3-BF4B-00C04F79EFBC}") = "DailyPuzzle", "DailyPuzzle\DailyPuzzle.csproj", "{DE7CCF7C-3B72-4473-8685-7DAB65F6C4AA}"
EndProject
Global
	GlobalSection(SolutionConfigurationPlatforms) = preSolution
		Debug|Any CPU = Debug|Any CPU
		Release|Any CPU = Release|Any CPU
	EndGlobalSection
	GlobalSection(ProjectConfigurationPlatforms) = postSolution
		{DE7CCF7C-3B72-4473-8685-7DAB65F6C4AA}.Debug|Any CPU.ActiveCfg = Debug|Any CPU
		{DE7CCF7C-3B72-4473-8685-7DAB65F6C4AA}.Debug|Any CPU.Build.0 = Debug|Any CPU
		{DE7CCF7C-3B72-4473-8685-7DAB65F6C4AA}.Release|Any CPU.ActiveCfg = Release|Any CPU
		{DE7CCF7C-3B72-4473-8685-7DAB65F6C4AA}.Release|Any CPU.Build.0 = Release|Any CPU
	EndGlobalSection
	GlobalSection(SolutionProperties) = preSolution
		HideSolutionNode = FALSE
	EndGlobalSection
	GlobalSection(ExtensibilityGlobals) = postSolution
		SolutionGuid = {05E92389-61B6-43B3-A415-4DDBC1F16930}
	EndGlobalSection
EndGlobal
